
Microsoft Visual Studio Solution File, Format Version 12.00
Project("{FAE04EC0-301F-11D3-BF4B-00C04F79EFBC}") = "ClipboardManager", "ClipboardManager\ClipboardManager.csproj", "{F61BCCC6-F03E-4EF2-9EA8-87F512E00639}"
EndProject
Project("{FAE04EC0-301F-11D3-BF4B-00C04F79EFBC}") = "Data", "Data\Data.csproj", "{C70A5A69-44EF-49E5-AE29-4BEB88E3BC30}"
EndProject
Project("{FAE04EC0-301F-11D3-BF4B-00C04F79EFBC}") = "ClipboardManager.Api", "ClipboardManager.Api\ClipboardManager.Api.csproj", "{0449EE6F-5379-4A0F-82F9-725BBDF54D3C}"
EndProject
Global
	GlobalSection(SolutionConfigurationPlatforms) = preSolution
		Debug|Any CPU = Debug|Any CPU
		Debug|x64 = Debug|x64
		Debug|x86 = Debug|x86
		Release|Any CPU = Release|Any CPU
		Release|x64 = Release|x64
		Release|x86 = Release|x86
	EndGlobalSection
	GlobalSection(ProjectConfigurationPlatforms) = postSolution
		{F61BCCC6-F03E-4EF2-9EA8-87F512E00639}.Debug|Any CPU.ActiveCfg = Debug|Any CPU
		{F61BCCC6-F03E-4EF2-9EA8-87F512E00639}.Debug|Any CPU.Build.0 = Debug|Any CPU
		{F61BCCC6-F03E-4EF2-9EA8-87F512E00639}.Debug|x64.ActiveCfg = Debug|Any CPU
		{F61BCCC6-F03E-4EF2-9EA8-87F512E00639}.Debug|x64.Build.0 = Debug|Any CPU
		{F61BCCC6-F03E-4EF2-9EA8-87F512E00639}.Debug|x86.ActiveCfg = Debug|Any CPU
		{F61BCCC6-F03E-4EF2-9EA8-87F512E00639}.Debug|x86.Build.0 = Debug|Any CPU
		{F61BCCC6-F03E-4EF2-9EA8-87F512E00639}.Release|Any CPU.ActiveCfg = Release|Any CPU
		{F61BCCC6-F03E-4EF2-9EA8-87F512E00639}.Release|Any CPU.Build.0 = Release|Any CPU
		{F61BCCC6-F03E-4EF2-9EA8-87F512E00639}.Release|x64.ActiveCfg = Release|Any CPU
		{F61BCCC6-F03E-4EF2-9EA8-87F512E00639}.Release|x64.Build.0 = Release|Any CPU
		{F61BCCC6-F03E-4EF2-9EA8-87F512E00639}.Release|x86.ActiveCfg = Release|Any CPU
		{F61BCCC6-F03E-4EF2-9EA8-87F512E00639}.Release|x86.Build.0 = Release|Any CPU
		{C70A5A69-44EF-49E5-AE29-4BEB88E3BC30}.Debug|Any CPU.ActiveCfg = Debug|Any CPU
		{C70A5A69-44EF-49E5-AE29-4BEB88E3BC30}.Debug|Any CPU.Build.0 = Debug|Any CPU
		{C70A5A69-44EF-49E5-AE29-4BEB88E3BC30}.Debug|x64.ActiveCfg = Debug|Any CPU
		{C70A5A69-44EF-49E5-AE29-4BEB88E3BC30}.Debug|x64.Build.0 = Debug|Any CPU
		{C70A5A69-44EF-49E5-AE29-4BEB88E3BC30}.Debug|x86.ActiveCfg = Debug|Any CPU
		{C70A5A69-44EF-49E5-AE29-4BEB88E3BC30}.Debug|x86.Build.0 = Debug|Any CPU
		{C70A5A69-44EF-49E5-AE29-4BEB88E3BC30}.Release|Any CPU.ActiveCfg = Release|Any CPU
		{C70A5A69-44EF-49E5-AE29-4BEB88E3BC30}.Release|Any CPU.Build.0 = Release|Any CPU
		{C70A5A69-44EF-49E5-AE29-4BEB88E3BC30}.Release|x64.ActiveCfg = Release|Any CPU
		{C70A5A69-44EF-49E5-AE29-4BEB88E3BC30}.Release|x64.Build.0 = Release|Any CPU
		{C70A5A69-44EF-49E5-AE29-4BEB88E3BC30}.Release|x86.ActiveCfg = Release|Any CPU
		{C70A5A69-44EF-49E5-AE29-4BEB88E3BC30}.Release|x86.Build.0 = Release|Any CPU
		{0449EE6F-5379-4A0F-82F9-725BBDF54D3C}.Debug|Any CPU.ActiveCfg = Debug|Any CPU
		{0449EE6F-5379-4A0F-82F9-725BBDF54D3C}.Debug|Any CPU.Build.0 = Debug|Any CPU
		{0449EE6F-5379-4A0F-82F9-725BBDF54D3C}.Debug|x64.ActiveCfg = Debug|Any CPU
		{0449EE6F-5379-4A0F-82F9-725BBDF54D3C}.Debug|x64.Build.0 = Debug|Any CPU
		{0449EE6F-5379-4A0F-82F9-725BBDF54D3C}.Debug|x86.ActiveCfg = Debug|Any CPU
		{0449EE6F-5379-4A0F-82F9-725BBDF54D3C}.Debug|x86.Build.0 = Debug|Any CPU
		{0449EE6F-5379-4A0F-82F9-725BBDF54D3C}.Release|Any CPU.ActiveCfg = Release|Any CPU
		{0449EE6F-5379-4A0F-82F9-725BBDF54D3C}.Release|Any CPU.Build.0 = Release|Any CPU
		{0449EE6F-5379-4A0F-82F9-725BBDF54D3C}.Release|x64.ActiveCfg = Release|Any CPU
		{0449EE6F-5379-4A0F-82F9-725BBDF54D3C}.Release|x64.Build.0 = Release|Any CPU
		{0449EE6F-5379-4A0F-82F9-725BBDF54D3C}.Release|x86.ActiveCfg = Release|Any CPU
		{0449EE6F-5379-4A0F-82F9-725BBDF54D3C}.Release|x86.Build.0 = Release|Any CPU
	EndGlobalSection
	GlobalSection(SolutionProperties) = preSolution
		HideSolutionNode = FALSE
	EndGlobalSection
EndGlobal
